
Microsoft Visual Studio Solution File, Format Version 12.00
# Visual Studio 2012
Project("{FAE04EC0-301F-11D3-BF4B-00C04F79EFBC}") = "instavote.contracts", "instavote.contracts\instavote.contracts.csproj", "{E7A8286E-B74A-4B07-B591-DED0D6640DCA}"
EndProject
Project("{FAE04EC0-301F-11D3-BF4B-00C04F79EFBC}") = "instavote.dialogs", "instavote.dialogs\instavote.dialogs.csproj", "{4D6330C7-3E98-4B68-A40F-16A02F8181EF}"
EndProject
Project("{2150E333-8FDC-42A3-9474-1A3956D46DE8}") = "frontend", "frontend", "{1AEBE8D9-94F8-4C14-9A29-6C0B79D2A2D4}"
EndProject
Project("{FAE04EC0-301F-11D3-BF4B-00C04F79EFBC}") = "instavote.integration", "instavote.integration\instavote.integration.csproj", "{8922D889-D9DA-4E71-AD96-AF6B531B2526}"
EndProject
Project("{FAE04EC0-301F-11D3-BF4B-00C04F79EFBC}") = "instavote.contracts.tests", "instavote.contracts.tests\instavote.contracts.tests.csproj", "{938F84F1-D5FC-45ED-9DD2-515800BECC7D}"
EndProject
Project("{2150E333-8FDC-42A3-9474-1A3956D46DE8}") = "contracts", "contracts", "{233E94AB-AB46-4B95-B633-5E205866282E}"
EndProject
Project("{FAE04EC0-301F-11D3-BF4B-00C04F79EFBC}") = "instavote.domain", "instavote.domain\instavote.domain.csproj", "{9C356D91-D766-4A0F-95A3-7171F32D3783}"
EndProject
Project("{FAE04EC0-301F-11D3-BF4B-00C04F79EFBC}") = "instavote.repository", "instavote.repository\instavote.repository.csproj", "{CB2620A4-E4D8-40A6-946E-C867F6EDB6F0}"
EndProject
Project("{2150E333-8FDC-42A3-9474-1A3956D46DE8}") = "backend", "backend", "{C97DBFCE-90D1-4F82-A5F6-C17F3C26FD10}"
EndProject
Project("{2150E333-8FDC-42A3-9474-1A3956D46DE8}") = "adapters", "adapters", "{68B8F3AA-CBA7-48AF-BF1F-41D611D07C6B}"
EndProject
Project("{FAE04EC0-301F-11D3-BF4B-00C04F79EFBC}") = "instavote.repository.tests", "instavote.repository.tests\instavote.repository.tests.csproj", "{CC67D8FF-B291-4076-99E8-F6561825AA56}"
EndProject
Project("{FAE04EC0-301F-11D3-BF4B-00C04F79EFBC}") = "instavote.application", "instavote.application\instavote.application.csproj", "{BC7183F3-1A87-4B8A-8988-481A2D92DD5E}"
EndProject
Global
	GlobalSection(SolutionConfigurationPlatforms) = preSolution
		Debug|Any CPU = Debug|Any CPU
		Release|Any CPU = Release|Any CPU
	EndGlobalSection
	GlobalSection(ProjectConfigurationPlatforms) = postSolution
		{E7A8286E-B74A-4B07-B591-DED0D6640DCA}.Debug|Any CPU.ActiveCfg = Debug|Any CPU
		{E7A8286E-B74A-4B07-B591-DED0D6640DCA}.Debug|Any CPU.Build.0 = Debug|Any CPU
		{E7A8286E-B74A-4B07-B591-DED0D6640DCA}.Release|Any CPU.ActiveCfg = Release|Any CPU
		{E7A8286E-B74A-4B07-B591-DED0D6640DCA}.Release|Any CPU.Build.0 = Release|Any CPU
		{4D6330C7-3E98-4B68-A40F-16A02F8181EF}.Debug|Any CPU.ActiveCfg = Debug|Any CPU
		{4D6330C7-3E98-4B68-A40F-16A02F8181EF}.Debug|Any CPU.Build.0 = Debug|Any CPU
		{4D6330C7-3E98-4B68-A40F-16A02F8181EF}.Release|Any CPU.ActiveCfg = Release|Any CPU
		{4D6330C7-3E98-4B68-A40F-16A02F8181EF}.Release|Any CPU.Build.0 = Release|Any CPU
		{8922D889-D9DA-4E71-AD96-AF6B531B2526}.Debug|Any CPU.ActiveCfg = Debug|Any CPU
		{8922D889-D9DA-4E71-AD96-AF6B531B2526}.Debug|Any CPU.Build.0 = Debug|Any CPU
		{8922D889-D9DA-4E71-AD96-AF6B531B2526}.Release|Any CPU.ActiveCfg = Release|Any CPU
		{8922D889-D9DA-4E71-AD96-AF6B531B2526}.Release|Any CPU.Build.0 = Release|Any CPU
		{938F84F1-D5FC-45ED-9DD2-515800BECC7D}.Debug|Any CPU.ActiveCfg = Debug|Any CPU
		{938F84F1-D5FC-45ED-9DD2-515800BECC7D}.Debug|Any CPU.Build.0 = Debug|Any CPU
		{938F84F1-D5FC-45ED-9DD2-515800BECC7D}.Release|Any CPU.ActiveCfg = Release|Any CPU
		{938F84F1-D5FC-45ED-9DD2-515800BECC7D}.Release|Any CPU.Build.0 = Release|Any CPU
		{9C356D91-D766-4A0F-95A3-7171F32D3783}.Debug|Any CPU.ActiveCfg = Debug|Any CPU
		{9C356D91-D766-4A0F-95A3-7171F32D3783}.Debug|Any CPU.Build.0 = Debug|Any CPU
		{9C356D91-D766-4A0F-95A3-7171F32D3783}.Release|Any CPU.ActiveCfg = Release|Any CPU
		{9C356D91-D766-4A0F-95A3-7171F32D3783}.Release|Any CPU.Build.0 = Release|Any CPU
		{CB2620A4-E4D8-40A6-946E-C867F6EDB6F0}.Debug|Any CPU.ActiveCfg = Debug|Any CPU
		{CB2620A4-E4D8-40A6-946E-C867F6EDB6F0}.Debug|Any CPU.Build.0 = Debug|Any CPU
		{CB2620A4-E4D8-40A6-946E-C867F6EDB6F0}.Release|Any CPU.ActiveCfg = Release|Any CPU
		{CB2620A4-E4D8-40A6-946E-C867F6EDB6F0}.Release|Any CPU.Build.0 = Release|Any CPU
		{CC67D8FF-B291-4076-99E8-F6561825AA56}.Debug|Any CPU.ActiveCfg = Debug|Any CPU
		{CC67D8FF-B291-4076-99E8-F6561825AA56}.Debug|Any CPU.Build.0 = Debug|Any CPU
		{CC67D8FF-B291-4076-99E8-F6561825AA56}.Release|Any CPU.ActiveCfg = Release|Any CPU
		{CC67D8FF-B291-4076-99E8-F6561825AA56}.Release|Any CPU.Build.0 = Release|Any CPU
		{BC7183F3-1A87-4B8A-8988-481A2D92DD5E}.Debug|Any CPU.ActiveCfg = Debug|Any CPU
		{BC7183F3-1A87-4B8A-8988-481A2D92DD5E}.Debug|Any CPU.Build.0 = Debug|Any CPU
		{BC7183F3-1A87-4B8A-8988-481A2D92DD5E}.Release|Any CPU.ActiveCfg = Release|Any CPU
		{BC7183F3-1A87-4B8A-8988-481A2D92DD5E}.Release|Any CPU.Build.0 = Release|Any CPU
	EndGlobalSection
	GlobalSection(SolutionProperties) = preSolution
		HideSolutionNode = FALSE
	EndGlobalSection
	GlobalSection(NestedProjects) = preSolution
		{938F84F1-D5FC-45ED-9DD2-515800BECC7D} = {233E94AB-AB46-4B95-B633-5E205866282E}
		{E7A8286E-B74A-4B07-B591-DED0D6640DCA} = {233E94AB-AB46-4B95-B633-5E205866282E}
		{4D6330C7-3E98-4B68-A40F-16A02F8181EF} = {1AEBE8D9-94F8-4C14-9A29-6C0B79D2A2D4}
		{9C356D91-D766-4A0F-95A3-7171F32D3783} = {C97DBFCE-90D1-4F82-A5F6-C17F3C26FD10}
		{68B8F3AA-CBA7-48AF-BF1F-41D611D07C6B} = {C97DBFCE-90D1-4F82-A5F6-C17F3C26FD10}
		{8922D889-D9DA-4E71-AD96-AF6B531B2526} = {C97DBFCE-90D1-4F82-A5F6-C17F3C26FD10}
		{CB2620A4-E4D8-40A6-946E-C867F6EDB6F0} = {68B8F3AA-CBA7-48AF-BF1F-41D611D07C6B}
		{CC67D8FF-B291-4076-99E8-F6561825AA56} = {68B8F3AA-CBA7-48AF-BF1F-41D611D07C6B}
	EndGlobalSection
EndGlobal
